{
    "_readme": [
        "This file locks the dependencies of your project to a known state",
        "Read more about it at https://getcomposer.org/doc/01-basic-usage.md#installing-dependencies",
        "This file is @generated automatically"
    ],
    "content-hash": "63d837b75b3e671b47be6fb849630fd7",
    "packages": [
        {
            "name": "oojs/oojs-ui",
            "version": "v0.41.3",
            "source": {
                "type": "git",
                "url": "https://github.com/wikimedia/oojs-ui.git",
                "reference": "0034158b0a4ed728908a6e564a7589c602e4174e"
            },
            "dist": {
                "type": "zip",
                "url": "https://api.github.com/repos/wikimedia/oojs-ui/zipball/0034158b0a4ed728908a6e564a7589c602e4174e",
                "reference": "0034158b0a4ed728908a6e564a7589c602e4174e",
                "shasum": ""
            },
            "require": {
                "php": ">=7.2.9"
            },
            "require-dev": {
                "mediawiki/mediawiki-codesniffer": "35.0.0",
                "mediawiki/mediawiki-phan-config": "0.10.6",
                "mediawiki/minus-x": "1.1.1",
                "php-parallel-lint/php-console-highlighter": "0.5.0",
                "php-parallel-lint/php-parallel-lint": "1.2.0",
                "phpunit/phpunit": "^8.5"
            },
            "type": "library",
            "autoload": {
                "classmap": [
                    "php/"
                ]
            },
            "notification-url": "https://packagist.org/downloads/",
            "license": [
                "MIT"
            ],
            "authors": [
                {
                    "name": "Bartosz Dziewoński",
                    "email": "matma.rex@gmail.com"
                },
                {
                    "name": "Ed Sanders",
                    "email": "esanders@wikimedia.org"
                },
                {
                    "name": "James D. Forrester",
                    "email": "jforrester@wikimedia.org"
                },
                {
                    "name": "Kirsten Menger-Anderson",
                    "email": "kmenger@wikimedia.org"
                },
                {
                    "name": "Kunal Mehta",
                    "email": "legoktm@gmail.com"
                },
                {
                    "name": "Prateek Saxena",
                    "email": "prtksxna@gmail.com"
                },
                {
                    "name": "Roan Kattouw",
                    "email": "roan@wikimedia.org"
                },
                {
                    "name": "Rob Moen",
                    "email": "rmoen@wikimedia.org"
                },
                {
                    "name": "Timo Tijhof",
                    "email": "krinklemail@gmail.com"
                },
                {
                    "name": "Trevor Parscal",
                    "email": "trevor@wikimedia.org"
                }
            ],
            "description": "Provides library of common widgets, layouts, and windows.",
            "homepage": "https://www.mediawiki.org/wiki/OOUI",
            "time": "2021-03-12T19:07:25+00:00"
        }
    ],
    "packages-dev": [
        {
            "name": "php-parallel-lint/php-parallel-lint",
            "version": "v1.2.0",
            "source": {
                "type": "git",
                "url": "https://github.com/php-parallel-lint/PHP-Parallel-Lint.git",
                "reference": "474f18bc6cc6aca61ca40bfab55139de614e51ca"
            },
            "dist": {
                "type": "zip",
                "url": "https://api.github.com/repos/php-parallel-lint/PHP-Parallel-Lint/zipball/474f18bc6cc6aca61ca40bfab55139de614e51ca",
                "reference": "474f18bc6cc6aca61ca40bfab55139de614e51ca",
                "shasum": ""
            },
            "require": {
                "ext-json": "*",
                "php": ">=5.4.0"
            },
            "replace": {
                "grogy/php-parallel-lint": "*",
                "jakub-onderka/php-parallel-lint": "*"
            },
            "require-dev": {
                "nette/tester": "^1.3 || ^2.0",
                "php-parallel-lint/php-console-highlighter": "~0.3",
                "squizlabs/php_codesniffer": "~3.0"
            },
            "suggest": {
                "php-parallel-lint/php-console-highlighter": "Highlight syntax in code snippet"
            },
            "bin": [
                "parallel-lint"
            ],
            "type": "library",
            "autoload": {
                "classmap": [
                    "./"
                ]
            },
            "notification-url": "https://packagist.org/downloads/",
            "license": [
                "BSD-2-Clause"
            ],
            "authors": [
                {
                    "name": "Jakub Onderka",
                    "email": "ahoj@jakubonderka.cz"
                }
            ],
            "description": "This tool check syntax of PHP files about 20x faster than serial check.",
            "homepage": "https://github.com/php-parallel-lint/PHP-Parallel-Lint",
            "time": "2020-04-04T12:18:32+00:00"
        },
        {
            "name": "squizlabs/php_codesniffer",
            "version": "3.5.8",
            "source": {
                "type": "git",
                "url": "https://github.com/squizlabs/PHP_CodeSniffer.git",
                "reference": "9d583721a7157ee997f235f327de038e7ea6dac4"
            },
            "dist": {
                "type": "zip",
                "url": "https://api.github.com/repos/squizlabs/PHP_CodeSniffer/zipball/9d583721a7157ee997f235f327de038e7ea6dac4",
                "reference": "9d583721a7157ee997f235f327de038e7ea6dac4",
                "shasum": ""
            },
            "require": {
                "ext-simplexml": "*",
                "ext-tokenizer": "*",
                "ext-xmlwriter": "*",
                "php": ">=5.4.0"
            },
            "require-dev": {
                "phpunit/phpunit": "^4.0 || ^5.0 || ^6.0 || ^7.0"
            },
            "bin": [
                "bin/phpcs",
                "bin/phpcbf"
            ],
            "type": "library",
            "extra": {
                "branch-alias": {
                    "dev-master": "3.x-dev"
                }
            },
            "notification-url": "https://packagist.org/downloads/",
            "license": [
                "BSD-3-Clause"
            ],
            "authors": [
                {
                    "name": "Greg Sherwood",
                    "role": "lead"
                }
            ],
            "description": "PHP_CodeSniffer tokenizes PHP, JavaScript and CSS files and detects violations of a defined set of coding standards.",
            "homepage": "https://github.com/squizlabs/PHP_CodeSniffer",
            "keywords": [
                "phpcs",
                "standards"
            ],
            "time": "2020-10-23T02:01:07+00:00"
        }
    ],
    "aliases": [],
    "minimum-stability": "stable",
    "stability-flags": [],
    "prefer-stable": false,
    "prefer-lowest": false,
    "platform": [],
    "platform-dev": [],
    "plugin-api-version": "1.1.0"
}
