{
	"name": "linkcount",
	"lockfileVersion": 2,
	"requires": true,
	"packages": {
		"": {
			"dependencies": {
				"jquery": "^3.6.0",
				"oojs": "^6.0.0",
				"oojs-ui": "^0.43.0",
				"wikimedia-ui-base": "^0.19.0"
			}
		},
		"node_modules/jquery": {
			"version": "3.6.0",
			"resolved": "https://registry.npmjs.org/jquery/-/jquery-3.6.0.tgz",
			"integrity": "sha512-JVzAR/AjBvVt2BmYhxRCSYysDsPcssdmTFnzyLEts9qNwmjmu4JTAMYubEfwVOSwpQ1I1sKKFcxhZCI2buerfw=="
		},
		"node_modules/oojs": {
			"version": "6.0.0",
			"resolved": "https://registry.npmjs.org/oojs/-/oojs-6.0.0.tgz",
			"integrity": "sha512-fdHt6ZKTOQmVFdFwfM84CuoWAQquQnfqOmIjKFANoQmORTBCExTEOIAPVkYDNSUBAqBt2FtTMIHMplsR3XgU7g==",
			"license": "MIT"
		},
		"node_modules/oojs-ui": {
			"version": "0.43.0",
			"resolved": "https://registry.npmjs.org/oojs-ui/-/oojs-ui-0.43.0.tgz",
			"integrity": "sha512-q0bjhU4kLBoV7fojoSxmYcXb+mVklxFH5Rps9ru7HZxmfFKT7x20MONlvV+f4oaZpIjlBcnVBshZv3R+KRONlA==",
			"license": "MIT",
			"dependencies": {
				"jquery": "3.6.0",
				"oojs": "6.0.0",
				"wikimedia-ui-base": "0.19.0"
			}
		},
		"node_modules/wikimedia-ui-base": {
			"version": "0.19.0",
			"resolved": "https://registry.npmjs.org/wikimedia-ui-base/-/wikimedia-ui-base-0.19.0.tgz",
			"integrity": "sha512-JMK4Ax/96lo9KuVeQ4avoehgOmJivDIE3pXgQRdtVShi3JksU2XrL7F4v2K2kQfx3OiqSjoCkr1fvDNJNsVvkQ==",
			"license": "MIT"
		}
	},
	"dependencies": {
		"jquery": {
			"version": "3.6.0",
			"resolved": "https://registry.npmjs.org/jquery/-/jquery-3.6.0.tgz",
			"integrity": "sha512-JVzAR/AjBvVt2BmYhxRCSYysDsPcssdmTFnzyLEts9qNwmjmu4JTAMYubEfwVOSwpQ1I1sKKFcxhZCI2buerfw=="
		},
		"oojs": {
			"version": "6.0.0",
			"resolved": "https://registry.npmjs.org/oojs/-/oojs-6.0.0.tgz",
			"integrity": "sha512-fdHt6ZKTOQmVFdFwfM84CuoWAQquQnfqOmIjKFANoQmORTBCExTEOIAPVkYDNSUBAqBt2FtTMIHMplsR3XgU7g=="
		},
		"oojs-ui": {
			"version": "0.43.0",
			"resolved": "https://registry.npmjs.org/oojs-ui/-/oojs-ui-0.43.0.tgz",
			"integrity": "sha512-q0bjhU4kLBoV7fojoSxmYcXb+mVklxFH5Rps9ru7HZxmfFKT7x20MONlvV+f4oaZpIjlBcnVBshZv3R+KRONlA==",
			"requires": {
				"jquery": "3.6.0",
				"oojs": "6.0.0",
				"wikimedia-ui-base": "0.19.0"
			}
		},
		"wikimedia-ui-base": {
			"version": "0.19.0",
			"resolved": "https://registry.npmjs.org/wikimedia-ui-base/-/wikimedia-ui-base-0.19.0.tgz",
			"integrity": "sha512-JMK4Ax/96lo9KuVeQ4avoehgOmJivDIE3pXgQRdtVShi3JksU2XrL7F4v2K2kQfx3OiqSjoCkr1fvDNJNsVvkQ=="
		}
	}
}
